
Microsoft Visual Studio Solution File, Format Version 12.00
# Visual Studio Version 16
VisualStudioVersion = 16.0.30709.132
MinimumVisualStudioVersion = 10.0.40219.1
Project("{FAE04EC0-301F-11D3-BF4B-00C04F79EFBC}") = "AuthService.Common", "AuthService.Common\AuthService.Common.csproj", "{9A87B8FA-8DEE-4949-A698-AFDECA3E27A5}"
EndProject
Project("{FAE04EC0-301F-11D3-BF4B-00C04F79EFBC}") = "AuthService.Logic", "AuthService.Logic\AuthService.Logic.csproj", "{00A17B90-0412-4A89-A3B2-B26EC09A8047}"
EndProject
Project("{FAE04EC0-301F-11D3-BF4B-00C04F79EFBC}") = "AuthService.Dal", "AuthService.Dal\AuthService.Dal.csproj", "{5ECA2BFA-AA7D-4DBF-9B49-C59D4CEC1C0E}"
EndProject
Project("{FAE04EC0-301F-11D3-BF4B-00C04F79EFBC}") = "AuthService.Web", "AuthService.Web\AuthService.Web.csproj", "{D4504AA3-1BAC-4528-91B9-B98F232087A6}"
EndProject
Project("{FAE04EC0-301F-11D3-BF4B-00C04F79EFBC}") = "AuthService.Tests", "AuthService.Tests\AuthService.Tests.csproj", "{42582234-8AA4-4D78-B011-830F17D6E65F}"
EndProject
Global
	GlobalSection(SolutionConfigurationPlatforms) = preSolution
		Debug|Any CPU = Debug|Any CPU
		Release|Any CPU = Release|Any CPU
	EndGlobalSection
	GlobalSection(ProjectConfigurationPlatforms) = postSolution
		{9A87B8FA-8DEE-4949-A698-AFDECA3E27A5}.Debug|Any CPU.ActiveCfg = Debug|Any CPU
		{9A87B8FA-8DEE-4949-A698-AFDECA3E27A5}.Debug|Any CPU.Build.0 = Debug|Any CPU
		{9A87B8FA-8DEE-4949-A698-AFDECA3E27A5}.Release|Any CPU.ActiveCfg = Release|Any CPU
		{9A87B8FA-8DEE-4949-A698-AFDECA3E27A5}.Release|Any CPU.Build.0 = Release|Any CPU
		{00A17B90-0412-4A89-A3B2-B26EC09A8047}.Debug|Any CPU.ActiveCfg = Debug|Any CPU
		{00A17B90-0412-4A89-A3B2-B26EC09A8047}.Debug|Any CPU.Build.0 = Debug|Any CPU
		{00A17B90-0412-4A89-A3B2-B26EC09A8047}.Release|Any CPU.ActiveCfg = Release|Any CPU
		{00A17B90-0412-4A89-A3B2-B26EC09A8047}.Release|Any CPU.Build.0 = Release|Any CPU
		{5ECA2BFA-AA7D-4DBF-9B49-C59D4CEC1C0E}.Debug|Any CPU.ActiveCfg = Debug|Any CPU
		{5ECA2BFA-AA7D-4DBF-9B49-C59D4CEC1C0E}.Debug|Any CPU.Build.0 = Debug|Any CPU
		{5ECA2BFA-AA7D-4DBF-9B49-C59D4CEC1C0E}.Release|Any CPU.ActiveCfg = Release|Any CPU
		{5ECA2BFA-AA7D-4DBF-9B49-C59D4CEC1C0E}.Release|Any CPU.Build.0 = Release|Any CPU
		{D4504AA3-1BAC-4528-91B9-B98F232087A6}.Debug|Any CPU.ActiveCfg = Debug|Any CPU
		{D4504AA3-1BAC-4528-91B9-B98F232087A6}.Debug|Any CPU.Build.0 = Debug|Any CPU
		{D4504AA3-1BAC-4528-91B9-B98F232087A6}.Release|Any CPU.ActiveCfg = Release|Any CPU
		{D4504AA3-1BAC-4528-91B9-B98F232087A6}.Release|Any CPU.Build.0 = Release|Any CPU
		{42582234-8AA4-4D78-B011-830F17D6E65F}.Debug|Any CPU.ActiveCfg = Debug|Any CPU
		{42582234-8AA4-4D78-B011-830F17D6E65F}.Debug|Any CPU.Build.0 = Debug|Any CPU
		{42582234-8AA4-4D78-B011-830F17D6E65F}.Release|Any CPU.ActiveCfg = Release|Any CPU
		{42582234-8AA4-4D78-B011-830F17D6E65F}.Release|Any CPU.Build.0 = Release|Any CPU
	EndGlobalSection
	GlobalSection(SolutionProperties) = preSolution
		HideSolutionNode = FALSE
	EndGlobalSection
	GlobalSection(ExtensibilityGlobals) = postSolution
		SolutionGuid = {802A06A5-EF84-4079-9366-04C78D877C67}
	EndGlobalSection
EndGlobal
